
Microsoft Visual Studio Solution File, Format Version 12.00
# Visual Studio Version 17
VisualStudioVersion = 17.8.34525.116
MinimumVisualStudioVersion = 10.0.40219.1
Project("{FAE04EC0-301F-11D3-BF4B-00C04F79EFBC}") = "E_Commerce", "E_Commerce\E_Commerce.csproj", "{549BF1C4-6687-4F62-A8CE-E73C192F13AA}"
EndProject
Global
	GlobalSection(SolutionConfigurationPlatforms) = preSolution
		Debug|Any CPU = Debug|Any CPU
		Release|Any CPU = Release|Any CPU
	EndGlobalSection
	GlobalSection(ProjectConfigurationPlatforms) = postSolution
		{549BF1C4-6687-4F62-A8CE-E73C192F13AA}.Debug|Any CPU.ActiveCfg = Debug|Any CPU
		{549BF1C4-6687-4F62-A8CE-E73C192F13AA}.Debug|Any CPU.Build.0 = Debug|Any CPU
		{549BF1C4-6687-4F62-A8CE-E73C192F13AA}.Release|Any CPU.ActiveCfg = Release|Any CPU
		{549BF1C4-6687-4F62-A8CE-E73C192F13AA}.Release|Any CPU.Build.0 = Release|Any CPU
	EndGlobalSection
	GlobalSection(SolutionProperties) = preSolution
		HideSolutionNode = FALSE
	EndGlobalSection
	GlobalSection(ExtensibilityGlobals) = postSolution
		SolutionGuid = {54EA5982-D881-4131-A4F7-6D98C9F9422F}
	EndGlobalSection
EndGlobal
